{
  "name": "database-connection-pool-mgr",
  "version": "1.0.0",
  "lockfileVersion": 1,
  "requires": true,
  "dependencies": {
    "@types/uuid": {
      "version": "7.0.3",
      "resolved": "https://registry.npmjs.org/@types/uuid/-/uuid-7.0.3.tgz",
      "integrity": "sha512-PUdqTZVrNYTNcIhLHkiaYzoOIaUi5LFg/XLerAdgvwQrUCx+oSbtoBze1AMyvYbcwzUSNC+Isl58SM4Sm/6COw==",
      "dev": true
    },
    "typescript": {
      "version": "3.8.3",
      "resolved": "https://registry.npmjs.org/typescript/-/typescript-3.8.3.tgz",
      "integrity": "sha512-MYlEfn5VrLNsgudQTVJeNaQFUAI7DkhnOjdpAp4T+ku1TfQClewlbSuTVHiA+8skNBgaf02TL/kLOvig4y3G8w==",
      "dev": true
    },
    "uuid": {
      "version": "8.0.0",
      "resolved": "https://registry.npmjs.org/uuid/-/uuid-8.0.0.tgz",
      "integrity": "sha512-jOXGuXZAWdsTH7eZLtyXMqUb9EcWMGZNbL9YcGBJl4MH4nrxHmZJhEHvyLFrkxo+28uLb/NYRcStH48fnD0Vzw=="
    }
  }
}
